
Microsoft Visual Studio Solution File, Format Version 12.00
# Visual Studio 14
VisualStudioVersion = 14.0.25420.1
MinimumVisualStudioVersion = 10.0.40219.1
Project("{FAE04EC0-301F-11D3-BF4B-00C04F79EFBC}") = "GLab.Common", "GLab.Common\GLab.Common.csproj", "{33A48849-DB24-4594-8DBA-CEBE8824FA57}"
EndProject
Project("{2150E333-8FDC-42A3-9474-1A3956D46DE8}") = "Misc", "Misc", "{3724638B-EB36-4F66-A743-C871313E70D6}"
EndProject
Project("{FAE04EC0-301F-11D3-BF4B-00C04F79EFBC}") = "GLab.Misc.Contract", "GLab.Misc.Contract\GLab.Misc.Contract.csproj", "{C044EFB9-1521-4430-A01D-4AE10F94DF6C}"
EndProject
Project("{2150E333-8FDC-42A3-9474-1A3956D46DE8}") = "Base", "Base", "{9072A360-93AF-4808-8530-65DD09C7605E}"
EndProject
Project("{FAE04EC0-301F-11D3-BF4B-00C04F79EFBC}") = "Glab.Base.Collection", "Glab.Base.Collection\Glab.Base.Collection.csproj", "{56F587DB-DA95-452B-A281-CB1023904574}"
EndProject
Project("{2150E333-8FDC-42A3-9474-1A3956D46DE8}") = "Test", "Test", "{60480C0C-4415-49FD-ADE0-B86089857C23}"
EndProject
Project("{FAE04EC0-301F-11D3-BF4B-00C04F79EFBC}") = "Glab.Test.Misc", "Glab.Test.Misc\Glab.Test.Misc.csproj", "{8E3F4F4C-17E5-43A3-9668-003AD01B8056}"
EndProject
Project("{FAE04EC0-301F-11D3-BF4B-00C04F79EFBC}") = "GLab.Misc.CallSequence", "GLab.Misc.CallSequence\GLab.Misc.CallSequence.csproj", "{45223721-C319-46F2-A3AA-71AD474EABFB}"
EndProject
Project("{FAE04EC0-301F-11D3-BF4B-00C04F79EFBC}") = "Glab.Test.Base", "Glab.Test.Base\Glab.Test.Base.csproj", "{A5AFA498-CD8B-4EC5-8A37-68BDA4A3ED6C}"
EndProject
Project("{FAE04EC0-301F-11D3-BF4B-00C04F79EFBC}") = "GLab.Questions", "GLab.Questions\GLab.Questions.csproj", "{40A86E01-53DC-4C28-9E64-3C17CE18E68E}"
EndProject
Project("{FAE04EC0-301F-11D3-BF4B-00C04F79EFBC}") = "GLab.Misc.Castle", "GLab.Misc.Castle\GLab.Misc.Castle.csproj", "{A74EF832-2D85-4104-8813-658772C3E4A3}"
EndProject
Project("{FAE04EC0-301F-11D3-BF4B-00C04F79EFBC}") = "GLab.Base.Threads", "GLab.Base.Threads\GLab.Base.Threads.csproj", "{551438E4-4D4E-4FF0-98EF-21BDC1FA3BDB}"
EndProject
Project("{FAE04EC0-301F-11D3-BF4B-00C04F79EFBC}") = "Glab.Test.ConsoleExecutable", "Glab.Test.Console\Glab.Test.ConsoleExecutable.csproj", "{D96AE4D9-B7C3-4599-BB5C-AD63F38685F4}"
EndProject
Global
	GlobalSection(SolutionConfigurationPlatforms) = preSolution
		Debug|Any CPU = Debug|Any CPU
		Release|Any CPU = Release|Any CPU
	EndGlobalSection
	GlobalSection(ProjectConfigurationPlatforms) = postSolution
		{33A48849-DB24-4594-8DBA-CEBE8824FA57}.Debug|Any CPU.ActiveCfg = Debug|Any CPU
		{33A48849-DB24-4594-8DBA-CEBE8824FA57}.Debug|Any CPU.Build.0 = Debug|Any CPU
		{33A48849-DB24-4594-8DBA-CEBE8824FA57}.Release|Any CPU.ActiveCfg = Release|Any CPU
		{33A48849-DB24-4594-8DBA-CEBE8824FA57}.Release|Any CPU.Build.0 = Release|Any CPU
		{C044EFB9-1521-4430-A01D-4AE10F94DF6C}.Debug|Any CPU.ActiveCfg = Debug|Any CPU
		{C044EFB9-1521-4430-A01D-4AE10F94DF6C}.Debug|Any CPU.Build.0 = Debug|Any CPU
		{C044EFB9-1521-4430-A01D-4AE10F94DF6C}.Release|Any CPU.ActiveCfg = Release|Any CPU
		{C044EFB9-1521-4430-A01D-4AE10F94DF6C}.Release|Any CPU.Build.0 = Release|Any CPU
		{56F587DB-DA95-452B-A281-CB1023904574}.Debug|Any CPU.ActiveCfg = Debug|Any CPU
		{56F587DB-DA95-452B-A281-CB1023904574}.Debug|Any CPU.Build.0 = Debug|Any CPU
		{56F587DB-DA95-452B-A281-CB1023904574}.Release|Any CPU.ActiveCfg = Release|Any CPU
		{56F587DB-DA95-452B-A281-CB1023904574}.Release|Any CPU.Build.0 = Release|Any CPU
		{8E3F4F4C-17E5-43A3-9668-003AD01B8056}.Debug|Any CPU.ActiveCfg = Debug|Any CPU
		{8E3F4F4C-17E5-43A3-9668-003AD01B8056}.Debug|Any CPU.Build.0 = Debug|Any CPU
		{8E3F4F4C-17E5-43A3-9668-003AD01B8056}.Release|Any CPU.ActiveCfg = Release|Any CPU
		{8E3F4F4C-17E5-43A3-9668-003AD01B8056}.Release|Any CPU.Build.0 = Release|Any CPU
		{45223721-C319-46F2-A3AA-71AD474EABFB}.Debug|Any CPU.ActiveCfg = Debug|Any CPU
		{45223721-C319-46F2-A3AA-71AD474EABFB}.Debug|Any CPU.Build.0 = Debug|Any CPU
		{45223721-C319-46F2-A3AA-71AD474EABFB}.Release|Any CPU.ActiveCfg = Release|Any CPU
		{45223721-C319-46F2-A3AA-71AD474EABFB}.Release|Any CPU.Build.0 = Release|Any CPU
		{A5AFA498-CD8B-4EC5-8A37-68BDA4A3ED6C}.Debug|Any CPU.ActiveCfg = Debug|Any CPU
		{A5AFA498-CD8B-4EC5-8A37-68BDA4A3ED6C}.Debug|Any CPU.Build.0 = Debug|Any CPU
		{A5AFA498-CD8B-4EC5-8A37-68BDA4A3ED6C}.Release|Any CPU.ActiveCfg = Release|Any CPU
		{A5AFA498-CD8B-4EC5-8A37-68BDA4A3ED6C}.Release|Any CPU.Build.0 = Release|Any CPU
		{40A86E01-53DC-4C28-9E64-3C17CE18E68E}.Debug|Any CPU.ActiveCfg = Debug|Any CPU
		{40A86E01-53DC-4C28-9E64-3C17CE18E68E}.Debug|Any CPU.Build.0 = Debug|Any CPU
		{40A86E01-53DC-4C28-9E64-3C17CE18E68E}.Release|Any CPU.ActiveCfg = Release|Any CPU
		{40A86E01-53DC-4C28-9E64-3C17CE18E68E}.Release|Any CPU.Build.0 = Release|Any CPU
		{A74EF832-2D85-4104-8813-658772C3E4A3}.Debug|Any CPU.ActiveCfg = Debug|Any CPU
		{A74EF832-2D85-4104-8813-658772C3E4A3}.Debug|Any CPU.Build.0 = Debug|Any CPU
		{A74EF832-2D85-4104-8813-658772C3E4A3}.Release|Any CPU.ActiveCfg = Release|Any CPU
		{A74EF832-2D85-4104-8813-658772C3E4A3}.Release|Any CPU.Build.0 = Release|Any CPU
		{551438E4-4D4E-4FF0-98EF-21BDC1FA3BDB}.Debug|Any CPU.ActiveCfg = Debug|Any CPU
		{551438E4-4D4E-4FF0-98EF-21BDC1FA3BDB}.Debug|Any CPU.Build.0 = Debug|Any CPU
		{551438E4-4D4E-4FF0-98EF-21BDC1FA3BDB}.Release|Any CPU.ActiveCfg = Release|Any CPU
		{551438E4-4D4E-4FF0-98EF-21BDC1FA3BDB}.Release|Any CPU.Build.0 = Release|Any CPU
		{D96AE4D9-B7C3-4599-BB5C-AD63F38685F4}.Debug|Any CPU.ActiveCfg = Debug|Any CPU
		{D96AE4D9-B7C3-4599-BB5C-AD63F38685F4}.Debug|Any CPU.Build.0 = Debug|Any CPU
		{D96AE4D9-B7C3-4599-BB5C-AD63F38685F4}.Release|Any CPU.ActiveCfg = Release|Any CPU
		{D96AE4D9-B7C3-4599-BB5C-AD63F38685F4}.Release|Any CPU.Build.0 = Release|Any CPU
	EndGlobalSection
	GlobalSection(SolutionProperties) = preSolution
		HideSolutionNode = FALSE
	EndGlobalSection
	GlobalSection(NestedProjects) = preSolution
		{C044EFB9-1521-4430-A01D-4AE10F94DF6C} = {3724638B-EB36-4F66-A743-C871313E70D6}
		{56F587DB-DA95-452B-A281-CB1023904574} = {9072A360-93AF-4808-8530-65DD09C7605E}
		{8E3F4F4C-17E5-43A3-9668-003AD01B8056} = {60480C0C-4415-49FD-ADE0-B86089857C23}
		{45223721-C319-46F2-A3AA-71AD474EABFB} = {3724638B-EB36-4F66-A743-C871313E70D6}
		{A5AFA498-CD8B-4EC5-8A37-68BDA4A3ED6C} = {60480C0C-4415-49FD-ADE0-B86089857C23}
		{40A86E01-53DC-4C28-9E64-3C17CE18E68E} = {3724638B-EB36-4F66-A743-C871313E70D6}
		{A74EF832-2D85-4104-8813-658772C3E4A3} = {3724638B-EB36-4F66-A743-C871313E70D6}
		{551438E4-4D4E-4FF0-98EF-21BDC1FA3BDB} = {9072A360-93AF-4808-8530-65DD09C7605E}
		{D96AE4D9-B7C3-4599-BB5C-AD63F38685F4} = {60480C0C-4415-49FD-ADE0-B86089857C23}
	EndGlobalSection
EndGlobal
